# This file was autogenerated by Stack.
# You should not edit this file by hand.
# For more information, please see the documentation at:
#   https://docs.haskellstack.org/en/stable/lock_files

packages:
- completed:
    hackage: extensible-0.5@sha256:8a3ca016244ad8780fc3c1b9d2ff99534718a4e3a40cd69d8145d0fee915ef09,2873
    pantry-tree:
      size: 2434
      sha256: 80445f108a9f73795e6f2f926305dd0097e406b5627aab5eb1af0ef5810e6510
  original:
    hackage: extensible-0.5
- completed:
    hackage: ulid-0.2.0.0@sha256:ac415298b0272479909ca576f4444862ae942ed85c7849fa0675e3bf496be6f3,2485
    pantry-tree:
      size: 671
      sha256: cb750f111e8126188ae3d16d870471acb86a522e73d55080e8c6dbb5221d7e75
  original:
    hackage: ulid-0.2.0.0
- completed:
    hackage: crockford-0.2@sha256:6ec593711a20bd4b81a0fc13f3d850d2d890690941d777230fbf980c483e434a,553
    pantry-tree:
      size: 269
      sha256: b99646e3fa78b1409ff9929f2756a28bfa7e65734289c4a97aadac55a041afe1
  original:
    hackage: crockford-0.2
- completed:
    size: 17535
    url: https://github.com/k0001/network-simple-tls/archive/c38e6f04436851ec4bae4153f65a8a80d3c74422.tar.gz
    cabal-file:
      size: 1288
      sha256: 145460e81db3b5fa7be065e2a869fb73efd654efbf47db280b8b4ac983c9fc52
    name: network-simple-tls
    version: 0.3.2
    sha256: d062652eab1059e73f59165b3c0379019eee9f98b248b19fe1e0365f91cff4b3
    pantry-tree:
      size: 1451
      sha256: 734a3fa88453125d082c9d7074cc20813ab02bcbf35ca9944aa72bff42b9ffa8
  original:
    url: https://github.com/k0001/network-simple-tls/archive/c38e6f04436851ec4bae4153f65a8a80d3c74422.tar.gz
- completed:
    hackage: fast-builder-0.1.0.0@sha256:a7a8f4de793c98424a8c92c806346692d8dc4f2cd6a284fbff1a0c88eac41814,2772
    pantry-tree:
      size: 1058
      sha256: 3cd6709e8f6b2a5fa4961dff4063e0dee1a539a5d1bc328fc272bdf57e5ef914
  original:
    hackage: fast-builder-0.1.0.0@sha256:a7a8f4de793c98424a8c92c806346692d8dc4f2cd6a284fbff1a0c88eac41814
- completed:
    hackage: winery-1.0.1@sha256:e383bfb15be677dc14c7d38698a9dc9fa41133b72f0128a9e2928966c4e89dbe,2550
    pantry-tree:
      size: 810
      sha256: 7b96a567ab470e5d11a2a4d613ec4585ed518b7072527289f7bbbb6a6bff2330
  original:
    hackage: winery-1.0.1
- completed:
    hackage: req-2.0.1@sha256:a677b3cb7534e101d2af86e6d12ae94cec57067314763fd2c89a6bc51a6d2fab,4852
    pantry-tree:
      size: 712
      sha256: 2d1f604006720263fb1794494bf160aca5819315d19e8f76d6f8508c4de926d1
  original:
    hackage: req-2.0.1@sha256:a677b3cb7534e101d2af86e6d12ae94cec57067314763fd2c89a6bc51a6d2fab
- completed:
    hackage: retry-0.8.0.0@sha256:319a0586876d43622bfe9406fad067adf0b4e591d125ad960bcc405237cc28f5,2240
    pantry-tree:
      size: 433
      sha256: 684b53f0c0210ad61ff0a18aad7be9351183de12c0cb152f51646a97e3cec4e9
  original:
    hackage: retry-0.8.0.0@sha256:319a0586876d43622bfe9406fad067adf0b4e591d125ad960bcc405237cc28f5
- completed:
    hackage: smallcheck-series-0.6.1@sha256:8f3ece2719dae917152b70523639a343c71f4261b68c115163626025bab284a4,2116
    pantry-tree:
      size: 823
      sha256: 2627ec6bf905f0cade652855e42a1f6e4eab4daafcd6bb693e9749277a832dbd
  original:
    hackage: smallcheck-series-0.6.1
- completed:
    hackage: th-test-utils-1.0.1@sha256:1803d3556474c984cbd195d80b313461a9f170f189eb92da3b1283e6022438b2,2083
    pantry-tree:
      size: 393
      sha256: 40a0e535a0d6cfd521749852ff0d4c3add83e36976be0cc3f8facf27a261afd9
  original:
    hackage: th-test-utils-1.0.1@sha256:1803d3556474c984cbd195d80b313461a9f170f189eb92da3b1283e6022438b2,2083
snapshots:
- completed:
    size: 498186
    url: https://raw.githubusercontent.com/commercialhaskell/stackage-snapshots/master/lts/13/22.yaml
    sha256: d4f07dc3d5658260c2fe34266ad7618f6c84d34decf559c9c786ac1cfccf4e7b
  original: lts-13.22
